<?xml version="1.0" encoding="utf-8"?>
<Project ToolsVersion="4.0" xmlns="http://schemas.microsoft.com/developer/msbuild/2003">
  <ItemGroup>
    <ClCompile Include="src\main.cpp" />
    <ClCompile Include="src\mk_app.cpp" />
    <ClCompile Include="src\mk_event.cpp" />
    <ClCompile Include="src\mk_log.cpp" />
    <ClCompile Include="src\mk_memarena.cpp" />
    <ClCompile Include="src\mk_render.cpp" />
    <ClCompile Include="src\mk_universe.cpp" />
    <ClCompile Include="src\mk_game.cpp" />
  </ItemGroup>
  <ItemGroup>
    <ClInclude Include="src\mk_app.h" />
    <ClInclude Include="src\mk_context.h" />
    <ClInclude Include="src\mk_event.h" />
    <ClInclude Include="src\mk_common.h" />
    <ClInclude Include="src\mk_log.h" />
    <ClInclude Include="src\mk_memarena.h" />
    <ClInclude Include="src\mk_render.h" />
    <ClInclude Include="src\mk_universe.h" />
    <ClInclude Include="src\mk_game.h" />
  </ItemGroup>
</Project>